{
  "nodes": {
    "flake-compat": {
      "flake": false,
      "locked": {
        "lastModified": 1673956053,
        "narHash": "sha256-4gtG9iQuiKITOjNQQeQIpoIB6b16fm+504Ch3sNKLd8=",
        "owner": "edolstra",
        "repo": "flake-compat",
        "rev": "35bb57c0c8d8b62bbfd284272c928ceb64ddbde9",
        "type": "github"
      },
      "original": {
        "owner": "edolstra",
        "repo": "flake-compat",
        "type": "github"
      }
    },
    "nixpkgs": {
      "locked": {
        "lastModified": 1681220314,
        "narHash": "sha256-v1LaVVmhRA1CdeKMwTvaGjcJDgBKtP7uTr+aWwOp7yQ=",
        "owner": "jappeace",
        "repo": "nixpkgs",
        "rev": "8042322a15aa5b110e5b1e7c14dc2a6539e4ff25",
        "type": "github"
      },
      "original": {
        "owner": "jappeace",
        "ref": "upgrade-keter-2.1",
        "repo": "nixpkgs",
        "type": "github"
      }
    },
    "root": {
      "inputs": {
        "flake-compat": "flake-compat",
        "nixpkgs": "nixpkgs"
      }
    }
  },
  "root": "root",
  "version": 7
}
